// !$*UTF8*$!
{
	archiveVersion = 1;
	classes = {
	};
	objectVersion = 50;
	objects = {

/* Begin PBXBuildFile section */
		B870C21923FB0CB2005527D7 /* AppDelegate.m in Sources */ = {isa = PBXBuildFile; fileRef = B870C21823FB0CB2005527D7 /* AppDelegate.m */; };
		B870C21C23FB0CB2005527D7 /* SceneDelegate.m in Sources */ = {isa = PBXBuildFile; fileRef = B870C21B23FB0CB2005527D7 /* SceneDelegate.m */; };
		B870C21F23FB0CB2005527D7 /* ViewController.m in Sources */ = {isa = PBXBuildFile; fileRef = B870C21E23FB0CB2005527D7 /* ViewController.m */; };
		B870C22223FB0CB2005527D7 /* Main.storyboard in Resources */ = {isa = PBXBuildFile; fileRef = B870C22023FB0CB2005527D7 /* Main.storyboard */; };
		B870C22423FB0CB6005527D7 /* Assets.xcassets in Resources */ = {isa = PBXBuildFile; fileRef = B870C22323FB0CB6005527D7 /* Assets.xcassets */; };
		B870C22723FB0CB6005527D7 /* LaunchScreen.storyboard in Resources */ = {isa = PBXBuildFile; fileRef = B870C22523FB0CB6005527D7 /* LaunchScreen.storyboard */; };
		B870C22A23FB0CB6005527D7 /* main.m in Sources */ = {isa = PBXBuildFile; fileRef = B870C22923FB0CB6005527D7 /* main.m */; };
/* End PBXBuildFile section */

/* Begin PBXFileReference section */
		B870C21423FB0CB2005527D7 /* CSInteractiveHeaders.app */ = {isa = PBXFileReference; explicitFileType = wrapper.application; includeInIndex = 0; path = CSInteractiveHeaders.app; sourceTree = BUILT_PRODUCTS_DIR; };
		B870C21723FB0CB2005527D7 /* AppDelegate.h */ = {isa = PBXFileReference; lastKnownFileType = sourcecode.c.h; path = AppDelegate.h; sourceTree = "<group>"; };
		B870C21823FB0CB2005527D7 /* AppDelegate.m */ = {isa = PBXFileReference; lastKnownFileType = sourcecode.c.objc; path = AppDelegate.m; sourceTree = "<group>"; };
		B870C21A23FB0CB2005527D7 /* SceneDelegate.h */ = {isa = PBXFileReference; lastKnownFileType = sourcecode.c.h; path = SceneDelegate.h; sourceTree = "<group>"; };
		B870C21B23FB0CB2005527D7 /* SceneDelegate.m */ = {isa = PBXFileReference; lastKnownFileType = sourcecode.c.objc; path = SceneDelegate.m; sourceTree = "<group>"; };
		B870C21D23FB0CB2005527D7 /* ViewController.h */ = {isa = PBXFileReference; lastKnownFileType = sourcecode.c.h; path = ViewController.h; sourceTree = "<group>"; };
		B870C21E23FB0CB2005527D7 /* ViewController.m */ = {isa = PBXFileReference; lastKnownFileType = sourcecode.c.objc; path = ViewController.m; sourceTree = "<group>"; };
		B870C22123FB0CB2005527D7 /* Base */ = {isa = PBXFileReference; lastKnownFileType = file.storyboard; name = Base; path = Base.lproj/Main.storyboard; sourceTree = "<group>"; };
		B870C22323FB0CB6005527D7 /* Assets.xcassets */ = {isa = PBXFileReference; lastKnownFileType = folder.assetcatalog; path = Assets.xcassets; sourceTree = "<group>"; };
		B870C22623FB0CB6005527D7 /* Base */ = {isa = PBXFileReference; lastKnownFileType = file.storyboard; name = Base; path = Base.lproj/LaunchScreen.storyboard; sourceTree = "<group>"; };
		B870C22823FB0CB6005527D7 /* Info.plist */ = {isa = PBXFileReference; lastKnownFileType = text.plist.xml; path = Info.plist; sourceTree = "<group>"; };
		B870C22923FB0CB6005527D7 /* main.m */ = {isa = PBXFileReference; lastKnownFileType = sourcecode.c.objc; path = main.m; sourceTree = "<group>"; };
/* End PBXFileReference section */

/* Begin PBXFrameworksBuildPhase section */
		B870C21123FB0CB2005527D7 /* Frameworks */ = {
			isa = PBXFrameworksBuildPhase;
			buildActionMask = 2147483647;
			files = (
			);
			runOnlyForDeploymentPostprocessing = 0;
		};
/* End PBXFrameworksBuildPhase section */

/* Begin PBXGroup section */
		B870C20B23FB0CB2005527D7 = {
			isa = PBXGroup;
			children = (
				B870C21623FB0CB2005527D7 /* CSInteractiveHeaders */,
				B870C21523FB0CB2005527D7 /* Products */,
			);
			sourceTree = "<group>";
		};
		B870C21523FB0CB2005527D7 /* Products */ = {
			isa = PBXGroup;
			children = (
				B870C21423FB0CB2005527D7 /* CSInteractiveHeaders.app */,
			);
			name = Products;
			sourceTree = "<group>";
		};
		B870C21623FB0CB2005527D7 /* CSInteractiveHeaders */ = {
			isa = PBXGroup;
			children = (
				B870C21723FB0CB2005527D7 /* AppDelegate.h */,
				B870C21823FB0CB2005527D7 /* AppDelegate.m */,
				B870C21A23FB0CB2005527D7 /* SceneDelegate.h */,
				B870C21B23FB0CB2005527D7 /* SceneDelegate.m */,
				B870C21D23FB0CB2005527D7 /* ViewController.h */,
				B870C21E23FB0CB2005527D7 /* ViewController.m */,
				B870C22023FB0CB2005527D7 /* Main.storyboard */,
				B870C22323FB0CB6005527D7 /* Assets.xcassets */,
				B870C22523FB0CB6005527D7 /* LaunchScreen.storyboard */,
				B870C22823FB0CB6005527D7 /* Info.plist */,
				B870C22923FB0CB6005527D7 /* main.m */,
			);
			path = CSInteractiveHeaders;
			sourceTree = "<group>";
		};
/* End PBXGroup section */

/* Begin PBXNativeTarget section */
		B870C21323FB0CB2005527D7 /* CSInteractiveHeaders */ = {
			isa = PBXNativeTarget;
			buildConfigurationList = B870C22D23FB0CB6005527D7 /* Build configuration list for PBXNativeTarget "CSInteractiveHeaders" */;
			buildPhases = (
				B870C21023FB0CB2005527D7 /* Sources */,
				B870C21123FB0CB2005527D7 /* Frameworks */,
				B870C21223FB0CB2005527D7 /* Resources */,
			);
			buildRules = (
			);
			dependencies = (
			);
			name = CSInteractiveHeaders;
			productName = CSInteractiveHeaders;
			productReference = B870C21423FB0CB2005527D7 /* CSInteractiveHeaders.app */;
			productType = "com.apple.product-type.application";
		};
/* End PBXNativeTarget section */

/* Begin PBXProject section */
		B870C20C23FB0CB2005527D7 /* Project object */ = {
			isa = PBXProject;
			attributes = {
				LastUpgradeCheck = 1130;
				ORGANIZATIONNAME = CreatureCoding;
				TargetAttributes = {
					B870C21323FB0CB2005527D7 = {
						CreatedOnToolsVersion = 11.3;
					};
				};
			};
			buildConfigurationList = B870C20F23FB0CB2005527D7 /* Build configuration list for PBXProject "CSInteractiveHeaders" */;
			compatibilityVersion = "Xcode 9.3";
			developmentRegion = en;
			hasScannedForEncodings = 0;
			knownRegions = (
				en,
				Base,
			);
			mainGroup = B870C20B23FB0CB2005527D7;
			productRefGroup = B870C21523FB0CB2005527D7 /* Products */;
			projectDirPath = "";
			projectRoot = "";
			targets = (
				B870C21323FB0CB2005527D7 /* CSInteractiveHeaders */,
			);
		};
/* End PBXProject section */

/* Begin PBXResourcesBuildPhase section */
		B870C21223FB0CB2005527D7 /* Resources */ = {
			isa = PBXResourcesBuildPhase;
			buildActionMask = 2147483647;
			files = (
				B870C22723FB0CB6005527D7 /* LaunchScreen.storyboard in Resources */,
				B870C22423FB0CB6005527D7 /* Assets.xcassets in Resources */,
				B870C22223FB0CB2005527D7 /* Main.storyboard in Resources */,
			);
			runOnlyForDeploymentPostprocessing = 0;
		};
/* End PBXResourcesBuildPhase section */

/* Begin PBXSourcesBuildPhase section */
		B870C21023FB0CB2005527D7 /* Sources */ = {
			isa = PBXSourcesBuildPhase;
			buildActionMask = 2147483647;
			files = (
				B870C21F23FB0CB2005527D7 /* ViewController.m in Sources */,
				B870C21923FB0CB2005527D7 /* AppDelegate.m in Sources */,
				B870C22A23FB0CB6005527D7 /* main.m in Sources */,
				B870C21C23FB0CB2005527D7 /* SceneDelegate.m in Sources */,
			);
			runOnlyForDeploymentPostprocessing = 0;
		};
/* End PBXSourcesBuildPhase section */

/* Begin PBXVariantGroup section */
		B870C22023FB0CB2005527D7 /* Main.storyboard */ = {
			isa = PBXVariantGroup;
			children = (
				B870C22123FB0CB2005527D7 /* Base */,
			);
			name = Main.storyboard;
			sourceTree = "<group>";
		};
		B870C22523FB0CB6005527D7 /* LaunchScreen.storyboard */ = {
			isa = PBXVariantGroup;
			children = (
				B870C22623FB0CB6005527D7 /* Base */,
			);
			name = LaunchScreen.storyboard;
			sourceTree = "<group>";
		};
/* End PBXVariantGroup section */

/* Begin XCBuildConfiguration section */
		B870C22B23FB0CB6005527D7 /* Debug */ = {
			isa = XCBuildConfiguration;
			buildSettings = {
				ALWAYS_SEARCH_USER_PATHS = NO;
				CLANG_ANALYZER_NONNULL = YES;
				CLANG_ANALYZER_NUMBER_OBJECT_CONVERSION = YES_AGGRESSIVE;
				CLANG_CXX_LANGUAGE_STANDARD = "gnu++14";
				CLANG_CXX_LIBRARY = "libc++";
				CLANG_ENABLE_MODULES = YES;
				CLANG_ENABLE_OBJC_ARC = YES;
				CLANG_ENABLE_OBJC_WEAK = YES;
				CLANG_WARN_BLOCK_CAPTURE_AUTORELEASING = YES;
				CLANG_WARN_BOOL_CONVERSION = YES;
				CLANG_WARN_COMMA = YES;
				CLANG_WARN_CONSTANT_CONVERSION = YES;
				CLANG_WARN_DEPRECATED_OBJC_IMPLEMENTATIONS = YES;
				CLANG_WARN_DIRECT_OBJC_ISA_USAGE = YES_ERROR;
				CLANG_WARN_DOCUMENTATION_COMMENTS = YES;
				CLANG_WARN_EMPTY_BODY = YES;
				CLANG_WARN_ENUM_CONVERSION = YES;
				CLANG_WARN_INFINITE_RECURSION = YES;
				CLANG_WARN_INT_CONVERSION = YES;
				CLANG_WARN_NON_LITERAL_NULL_CONVERSION = YES;
				CLANG_WARN_OBJC_IMPLICIT_RETAIN_SELF = YES;
				CLANG_WARN_OBJC_LITERAL_CONVERSION = YES;
				CLANG_WARN_OBJC_ROOT_CLASS = YES_ERROR;
				CLANG_WARN_RANGE_LOOP_ANALYSIS = YES;
				CLANG_WARN_STRICT_PROTOTYPES = YES;
				CLANG_WARN_SUSPICIOUS_MOVE = YES;
				CLANG_WARN_UNGUARDED_AVAILABILITY = YES_AGGRESSIVE;
				CLANG_WARN_UNREACHABLE_CODE = YES;
				CLANG_WARN__DUPLICATE_METHOD_MATCH = YES;
				COPY_PHASE_STRIP = NO;
				DEBUG_INFORMATION_FORMAT = dwarf;
				ENABLE_STRICT_OBJC_MSGSEND = YES;
				ENABLE_TESTABILITY = YES;
				GCC_C_LANGUAGE_STANDARD = gnu11;
				GCC_DYNAMIC_NO_PIC = NO;
				GCC_NO_COMMON_BLOCKS = YES;
				GCC_OPTIMIZATION_LEVEL = 0;
				GCC_PREPROCESSOR_DEFINITIONS = (
					"DEBUG=1",
					"$(inherited)",
				);
				GCC_WARN_64_TO_32_BIT_CONVERSION = YES;
				GCC_WARN_ABOUT_RETURN_TYPE = YES_ERROR;
				GCC_WARN_UNDECLARED_SELECTOR = YES;
				GCC_WARN_UNINITIALIZED_AUTOS = YES_AGGRESSIVE;
				GCC_WARN_UNUSED_FUNCTION = YES;
				GCC_WARN_UNUSED_VARIABLE = YES;
				IPHONEOS_DEPLOYMENT_TARGET = 13.2;
				MTL_ENABLE_DEBUG_INFO = INCLUDE_SOURCE;
				MTL_FAST_MATH = YES;
				ONLY_ACTIVE_ARCH = YES;
				SDKROOT = iphoneos;
			};
			name = Debug;
		};
		B870C22C23FB0CB6005527D7 /* Release */ = {
			isa = XCBuildConfiguration;
			buildSettings = {
				ALWAYS_SEARCH_USER_PATHS = NO;
				CLANG_ANALYZER_NONNULL = YES;
				CLANG_ANALYZER_NUMBER_OBJECT_CONVERSION = YES_AGGRESSIVE;
				CLANG_CXX_LANGUAGE_STANDARD = "gnu++14";
				CLANG_CXX_LIBRARY = "libc++";
				CLANG_ENABLE_MODULES = YES;
				CLANG_ENABLE_OBJC_ARC = YES;
				CLANG_ENABLE_OBJC_WEAK = YES;
				CLANG_WARN_BLOCK_CAPTURE_AUTORELEASING = YES;
				CLANG_WARN_BOOL_CONVERSION = YES;
				CLANG_WARN_COMMA = YES;
				CLANG_WARN_CONSTANT_CONVERSION = YES;
				CLANG_WARN_DEPRECATED_OBJC_IMPLEMENTATIONS = YES;
				CLANG_WARN_DIRECT_OBJC_ISA_USAGE = YES_ERROR;
				CLANG_WARN_DOCUMENTATION_COMMENTS = YES;
				CLANG_WARN_EMPTY_BODY = YES;
				CLANG_WARN_ENUM_CONVERSION = YES;
				CLANG_WARN_INFINITE_RECURSION = YES;
				CLANG_WARN_INT_CONVERSION = YES;
				CLANG_WARN_NON_LITERAL_NULL_CONVERSION = YES;
				CLANG_WARN_OBJC_IMPLICIT_RETAIN_SELF = YES;
				CLANG_WARN_OBJC_LITERAL_CONVERSION = YES;
				CLANG_WARN_OBJC_ROOT_CLASS = YES_ERROR;
				CLANG_WARN_RANGE_LOOP_ANALYSIS = YES;
				CLANG_WARN_STRICT_PROTOTYPES = YES;
				CLANG_WARN_SUSPICIOUS_MOVE = YES;
				CLANG_WARN_UNGUARDED_AVAILABILITY = YES_AGGRESSIVE;
				CLANG_WARN_UNREACHABLE_CODE = YES;
				CLANG_WARN__DUPLICATE_METHOD_MATCH = YES;
				COPY_PHASE_STRIP = NO;
				DEBUG_INFORMATION_FORMAT = "dwarf-with-dsym";
				ENABLE_NS_ASSERTIONS = NO;
				ENABLE_STRICT_OBJC_MSGSEND = YES;
				GCC_C_LANGUAGE_STANDARD = gnu11;
				GCC_NO_COMMON_BLOCKS = YES;
				GCC_WARN_64_TO_32_BIT_CONVERSION = YES;
				GCC_WARN_ABOUT_RETURN_TYPE = YES_ERROR;
				GCC_WARN_UNDECLARED_SELECTOR = YES;
				GCC_WARN_UNINITIALIZED_AUTOS = YES_AGGRESSIVE;
				GCC_WARN_UNUSED_FUNCTION = YES;
				GCC_WARN_UNUSED_VARIABLE = YES;
				IPHONEOS_DEPLOYMENT_TARGET = 13.2;
				MTL_ENABLE_DEBUG_INFO = NO;
				MTL_FAST_MATH = YES;
				SDKROOT = iphoneos;
				VALIDATE_PRODUCT = YES;
			};
			name = Release;
		};
		B870C22E23FB0CB6005527D7 /* Debug */ = {
			isa = XCBuildConfiguration;
			buildSettings = {
				ASSETCATALOG_COMPILER_APPICON_NAME = AppIcon;
				CODE_SIGN_STYLE = Automatic;
				DEVELOPMENT_TEAM = RUMWXF5QY3;
				INFOPLIST_FILE = CSInteractiveHeaders/Info.plist;
				LD_RUNPATH_SEARCH_PATHS = (
					"$(inherited)",
					"@executable_path/Frameworks",
				);
				PRODUCT_BUNDLE_IDENTIFIER = com.creaturecoding.CSInteractiveHeaders;
				PRODUCT_NAME = "$(TARGET_NAME)";
				TARGETED_DEVICE_FAMILY = "1,2";
			};
			name = Debug;
		};
		B870C22F23FB0CB6005527D7 /* Release */ = {
			isa = XCBuildConfiguration;
			buildSettings = {
				ASSETCATALOG_COMPILER_APPICON_NAME = AppIcon;
				CODE_SIGN_STYLE = Automatic;
				DEVELOPMENT_TEAM = RUMWXF5QY3;
				INFOPLIST_FILE = CSInteractiveHeaders/Info.plist;
				LD_RUNPATH_SEARCH_PATHS = (
					"$(inherited)",
					"@executable_path/Frameworks",
				);
				PRODUCT_BUNDLE_IDENTIFIER = com.creaturecoding.CSInteractiveHeaders;
				PRODUCT_NAME = "$(TARGET_NAME)";
				TARGETED_DEVICE_FAMILY = "1,2";
			};
			name = Release;
		};
/* End XCBuildConfiguration section */

/* Begin XCConfigurationList section */
		B870C20F23FB0CB2005527D7 /* Build configuration list for PBXProject "CSInteractiveHeaders" */ = {
			isa = XCConfigurationList;
			buildConfigurations = (
				B870C22B23FB0CB6005527D7 /* Debug */,
				B870C22C23FB0CB6005527D7 /* Release */,
			);
			defaultConfigurationIsVisible = 0;
			defaultConfigurationName = Release;
		};
		B870C22D23FB0CB6005527D7 /* Build configuration list for PBXNativeTarget "CSInteractiveHeaders" */ = {
			isa = XCConfigurationList;
			buildConfigurations = (
				B870C22E23FB0CB6005527D7 /* Debug */,
				B870C22F23FB0CB6005527D7 /* Release */,
			);
			defaultConfigurationIsVisible = 0;
			defaultConfigurationName = Release;
		};
/* End XCConfigurationList section */
	};
	rootObject = B870C20C23FB0CB2005527D7 /* Project object */;
}
